
Microsoft Visual Studio Solution File, Format Version 12.00
# Visual Studio 15
VisualStudioVersion = 15.0.27130.2027
MinimumVisualStudioVersion = 10.0.40219.1
Project("{2150E333-8FDC-42A3-9474-1A3956D46DE8}") = "Database", "Database", "{A3CBE59D-B078-447A-A14F-80642112CC2C}"
EndProject
Project("{00D1A9C2-B5F0-4AF3-8072-F6C62B433612}") = "EFCoreDB", "Database\EFCoreDB\EFCoreDB.sqlproj", "{6A93D6E5-6092-47DF-B3BF-689AD5184A5B}"
EndProject
Project("{2150E333-8FDC-42A3-9474-1A3956D46DE8}") = "Solution Items", "Solution Items", "{1232B24B-746D-420C-AA7B-3B198D02194D}"
	ProjectSection(SolutionItems) = preProject
		LICENSE.txt = LICENSE.txt
	EndProjectSection
EndProject
Project("{2150E333-8FDC-42A3-9474-1A3956D46DE8}") = "src", "src", "{8D933996-A355-4419-B3D4-80654D6DC536}"
EndProject
Project("{9A19103F-16F7-4668-BE54-9A1E7A4F7556}") = "LearningApp", "src\LearningApp\LearningApp.csproj", "{88B47355-DA96-4E0A-86BA-9D89265F852E}"
EndProject
Project("{9A19103F-16F7-4668-BE54-9A1E7A4F7556}") = "EFCore.UI", "src\EFCore.UI\EFCore.UI.csproj", "{B8EAFE44-DA63-4F30-8168-E7AABB6DF0F1}"
EndProject
Project("{FAE04EC0-301F-11D3-BF4B-00C04F79EFBC}") = "EFCore.DataAccess", "Database\EFCore.DataAccess\EFCore.DataAccess.csproj", "{5C18C53F-9B5E-4DF1-A9B9-7B91B072928E}"
EndProject
Project("{9A19103F-16F7-4668-BE54-9A1E7A4F7556}") = "EFCore.Models", "src\EFCore.Models\EFCore.Models.csproj", "{64B21FAA-E270-4F99-849F-93CDD49DACD7}"
EndProject
Global
	GlobalSection(SolutionConfigurationPlatforms) = preSolution
		Debug|Any CPU = Debug|Any CPU
		Release|Any CPU = Release|Any CPU
	EndGlobalSection
	GlobalSection(ProjectConfigurationPlatforms) = postSolution
		{6A93D6E5-6092-47DF-B3BF-689AD5184A5B}.Debug|Any CPU.ActiveCfg = Debug|Any CPU
		{6A93D6E5-6092-47DF-B3BF-689AD5184A5B}.Debug|Any CPU.Build.0 = Debug|Any CPU
		{6A93D6E5-6092-47DF-B3BF-689AD5184A5B}.Debug|Any CPU.Deploy.0 = Debug|Any CPU
		{6A93D6E5-6092-47DF-B3BF-689AD5184A5B}.Release|Any CPU.ActiveCfg = Release|Any CPU
		{6A93D6E5-6092-47DF-B3BF-689AD5184A5B}.Release|Any CPU.Build.0 = Release|Any CPU
		{6A93D6E5-6092-47DF-B3BF-689AD5184A5B}.Release|Any CPU.Deploy.0 = Release|Any CPU
		{88B47355-DA96-4E0A-86BA-9D89265F852E}.Debug|Any CPU.ActiveCfg = Debug|Any CPU
		{88B47355-DA96-4E0A-86BA-9D89265F852E}.Debug|Any CPU.Build.0 = Debug|Any CPU
		{88B47355-DA96-4E0A-86BA-9D89265F852E}.Release|Any CPU.ActiveCfg = Release|Any CPU
		{88B47355-DA96-4E0A-86BA-9D89265F852E}.Release|Any CPU.Build.0 = Release|Any CPU
		{B8EAFE44-DA63-4F30-8168-E7AABB6DF0F1}.Debug|Any CPU.ActiveCfg = Debug|Any CPU
		{B8EAFE44-DA63-4F30-8168-E7AABB6DF0F1}.Debug|Any CPU.Build.0 = Debug|Any CPU
		{B8EAFE44-DA63-4F30-8168-E7AABB6DF0F1}.Release|Any CPU.ActiveCfg = Release|Any CPU
		{B8EAFE44-DA63-4F30-8168-E7AABB6DF0F1}.Release|Any CPU.Build.0 = Release|Any CPU
		{5C18C53F-9B5E-4DF1-A9B9-7B91B072928E}.Debug|Any CPU.ActiveCfg = Debug|Any CPU
		{5C18C53F-9B5E-4DF1-A9B9-7B91B072928E}.Debug|Any CPU.Build.0 = Debug|Any CPU
		{5C18C53F-9B5E-4DF1-A9B9-7B91B072928E}.Release|Any CPU.ActiveCfg = Release|Any CPU
		{5C18C53F-9B5E-4DF1-A9B9-7B91B072928E}.Release|Any CPU.Build.0 = Release|Any CPU
		{64B21FAA-E270-4F99-849F-93CDD49DACD7}.Debug|Any CPU.ActiveCfg = Debug|Any CPU
		{64B21FAA-E270-4F99-849F-93CDD49DACD7}.Debug|Any CPU.Build.0 = Debug|Any CPU
		{64B21FAA-E270-4F99-849F-93CDD49DACD7}.Release|Any CPU.ActiveCfg = Release|Any CPU
		{64B21FAA-E270-4F99-849F-93CDD49DACD7}.Release|Any CPU.Build.0 = Release|Any CPU
	EndGlobalSection
	GlobalSection(SolutionProperties) = preSolution
		HideSolutionNode = FALSE
	EndGlobalSection
	GlobalSection(NestedProjects) = preSolution
		{6A93D6E5-6092-47DF-B3BF-689AD5184A5B} = {A3CBE59D-B078-447A-A14F-80642112CC2C}
		{88B47355-DA96-4E0A-86BA-9D89265F852E} = {8D933996-A355-4419-B3D4-80654D6DC536}
		{B8EAFE44-DA63-4F30-8168-E7AABB6DF0F1} = {8D933996-A355-4419-B3D4-80654D6DC536}
		{5C18C53F-9B5E-4DF1-A9B9-7B91B072928E} = {A3CBE59D-B078-447A-A14F-80642112CC2C}
		{64B21FAA-E270-4F99-849F-93CDD49DACD7} = {8D933996-A355-4419-B3D4-80654D6DC536}
	EndGlobalSection
	GlobalSection(ExtensibilityGlobals) = postSolution
		SolutionGuid = {0D1DC241-1A48-48B5-80A3-D5F48949817C}
	EndGlobalSection
EndGlobal
